Microsoft Visual Studio Solution File, Format Version 11.00
# Visual Studio 2008

Project("{19F9C75A-9D2B-7E0A-02AE-922E80974812}") = "TestMaze", "Assembly-CSharp-firstpass.csproj", "{49F68066-FE80-F8DE-8E2C-734EEA1E26B8}"
EndProject
Project("{19F9C75A-9D2B-7E0A-02AE-922E80974812}") = "TestMaze", "Assembly-CSharp.csproj", "{8ECDE7CC-7125-D33E-38D9-A73D5AC52069}"
EndProject
Project("{19F9C75A-9D2B-7E0A-02AE-922E80974812}") = "TestMaze", "Assembly-UnityScript-firstpass.unityproj", "{F3CF7364-21C4-10D4-2A3E-BEE8CBAAFC19}"
EndProject
Global
	GlobalSection(SolutionConfigurationPlatforms) = preSolution
		Debug|Any CPU = Debug|Any CPU
		Release|Any CPU = Release|Any CPU
	EndGlobalSection
	GlobalSection(ProjectConfigurationPlatforms) = postSolution
		{49F68066-FE80-F8DE-8E2C-734EEA1E26B8}.Debug|Any CPU.ActiveCfg = Debug|Any CPU
		{49F68066-FE80-F8DE-8E2C-734EEA1E26B8}.Debug|Any CPU.Build.0 = Debug|Any CPU
		{49F68066-FE80-F8DE-8E2C-734EEA1E26B8}.Release|Any CPU.ActiveCfg = Release|Any CPU
		{49F68066-FE80-F8DE-8E2C-734EEA1E26B8}.Release|Any CPU.Build.0 = Release|Any CPU
		{8ECDE7CC-7125-D33E-38D9-A73D5AC52069}.Debug|Any CPU.ActiveCfg = Debug|Any CPU
		{8ECDE7CC-7125-D33E-38D9-A73D5AC52069}.Debug|Any CPU.Build.0 = Debug|Any CPU
		{8ECDE7CC-7125-D33E-38D9-A73D5AC52069}.Release|Any CPU.ActiveCfg = Release|Any CPU
		{8ECDE7CC-7125-D33E-38D9-A73D5AC52069}.Release|Any CPU.Build.0 = Release|Any CPU
		{F3CF7364-21C4-10D4-2A3E-BEE8CBAAFC19}.Debug|Any CPU.ActiveCfg = Debug|Any CPU
		{F3CF7364-21C4-10D4-2A3E-BEE8CBAAFC19}.Debug|Any CPU.Build.0 = Debug|Any CPU
		{F3CF7364-21C4-10D4-2A3E-BEE8CBAAFC19}.Release|Any CPU.ActiveCfg = Release|Any CPU
		{F3CF7364-21C4-10D4-2A3E-BEE8CBAAFC19}.Release|Any CPU.Build.0 = Release|Any CPU
	EndGlobalSection
	GlobalSection(SolutionProperties) = preSolution
		HideSolutionNode = FALSE
	EndGlobalSection
																																																												GlobalSection(MonoDevelopProperties) = preSolution
		StartupItem = Assembly-CSharp.csproj
		Policies = $0
		$0.TextStylePolicy = $1
		$1.inheritsSet = null
		$1.scope = text/x-csharp
		$0.CSharpFormattingPolicy = $2
		$2.inheritsSet = Mono
		$2.inheritsScope = text/x-csharp
		$2.scope = text/x-csharp
		$0.TextStylePolicy = $3
		$3.FileWidth = 120
		$3.TabWidth = 4
		$3.IndentWidth = 4
		$3.EolMarker = Unix
		$3.inheritsSet = Mono
		$3.inheritsScope = text/plain
		$3.scope = text/plain
	EndGlobalSection

EndGlobal
